
Microsoft Visual Studio Solution File, Format Version 12.00
# Visual Studio Version 16
VisualStudioVersion = 16.0.31205.134
MinimumVisualStudioVersion = 10.0.40219.1
Project("{FAE04EC0-301F-11D3-BF4B-00C04F79EFBC}") = "ConfigDemo", "ConfigDemo.csproj", "{A2F40B8F-48E4-4C73-9DBD-A6EAA836983F}"
EndProject
Global
	GlobalSection(SolutionConfigurationPlatforms) = preSolution
		Debug|Any CPU = Debug|Any CPU
		Release|Any CPU = Release|Any CPU
	EndGlobalSection
	GlobalSection(ProjectConfigurationPlatforms) = postSolution
		{A2F40B8F-48E4-4C73-9DBD-A6EAA836983F}.Debug|Any CPU.ActiveCfg = Debug|Any CPU
		{A2F40B8F-48E4-4C73-9DBD-A6EAA836983F}.Debug|Any CPU.Build.0 = Debug|Any CPU
		{A2F40B8F-48E4-4C73-9DBD-A6EAA836983F}.Release|Any CPU.ActiveCfg = Release|Any CPU
		{A2F40B8F-48E4-4C73-9DBD-A6EAA836983F}.Release|Any CPU.Build.0 = Release|Any CPU
	EndGlobalSection
	GlobalSection(SolutionProperties) = preSolution
		HideSolutionNode = FALSE
	EndGlobalSection
	GlobalSection(ExtensibilityGlobals) = postSolution
		SolutionGuid = {35524D72-9476-4310-8CB1-70AFE0F4C670}
	EndGlobalSection
EndGlobal
